
Microsoft Visual Studio Solution File, Format Version 12.00
# Visual Studio Version 16
VisualStudioVersion = 16.0.30907.101
MinimumVisualStudioVersion = 10.0.40219.1
Project("{9A19103F-16F7-4668-BE54-9A1E7A4F7556}") = "L2_DAVH-AFPE", "L2_DAVH-AFPE.csproj", "{A6E7DAB2-751D-4B6D-987E-844E923D0FC0}"
EndProject
Project("{FAE04EC0-301F-11D3-BF4B-00C04F79EFBC}") = "DataStructures", "DataStructures\DataStructures.csproj", "{D621E7AD-6B15-468A-992B-C64B71E774AE}"
EndProject
Global
	GlobalSection(SolutionConfigurationPlatforms) = preSolution
		Debug|Any CPU = Debug|Any CPU
		Release|Any CPU = Release|Any CPU
	EndGlobalSection
	GlobalSection(ProjectConfigurationPlatforms) = postSolution
		{A6E7DAB2-751D-4B6D-987E-844E923D0FC0}.Debug|Any CPU.ActiveCfg = Debug|Any CPU
		{A6E7DAB2-751D-4B6D-987E-844E923D0FC0}.Debug|Any CPU.Build.0 = Debug|Any CPU
		{A6E7DAB2-751D-4B6D-987E-844E923D0FC0}.Release|Any CPU.ActiveCfg = Release|Any CPU
		{A6E7DAB2-751D-4B6D-987E-844E923D0FC0}.Release|Any CPU.Build.0 = Release|Any CPU
		{D621E7AD-6B15-468A-992B-C64B71E774AE}.Debug|Any CPU.ActiveCfg = Debug|Any CPU
		{D621E7AD-6B15-468A-992B-C64B71E774AE}.Debug|Any CPU.Build.0 = Debug|Any CPU
		{D621E7AD-6B15-468A-992B-C64B71E774AE}.Release|Any CPU.ActiveCfg = Release|Any CPU
		{D621E7AD-6B15-468A-992B-C64B71E774AE}.Release|Any CPU.Build.0 = Release|Any CPU
	EndGlobalSection
	GlobalSection(SolutionProperties) = preSolution
		HideSolutionNode = FALSE
	EndGlobalSection
	GlobalSection(ExtensibilityGlobals) = postSolution
		SolutionGuid = {268063B9-3E11-47EF-9C66-8940638F9624}
	EndGlobalSection
EndGlobal
